// !$*UTF8*$!
{
	archiveVersion = 1;
	classes = {
	};
	objectVersion = 55;
	objects = {

/* Begin PBXBuildFile section */
		D4AD197E2744AB20001F689C /* AppDelegate.swift in Sources */ = {isa = PBXBuildFile; fileRef = D4AD197D2744AB20001F689C /* AppDelegate.swift */; };
		D4AD19802744AB20001F689C /* SceneDelegate.swift in Sources */ = {isa = PBXBuildFile; fileRef = D4AD197F2744AB20001F689C /* SceneDelegate.swift */; };
		D4AD19822744AB20001F689C /* ViewController.swift in Sources */ = {isa = PBXBuildFile; fileRef = D4AD19812744AB20001F689C /* ViewController.swift */; };
		D4AD19852744AB20001F689C /* Main.storyboard in Resources */ = {isa = PBXBuildFile; fileRef = D4AD19832744AB20001F689C /* Main.storyboard */; };
		D4AD19872744AB23001F689C /* Assets.xcassets in Resources */ = {isa = PBXBuildFile; fileRef = D4AD19862744AB23001F689C /* Assets.xcassets */; };
		D4AD198A2744AB23001F689C /* LaunchScreen.storyboard in Resources */ = {isa = PBXBuildFile; fileRef = D4AD19882744AB23001F689C /* LaunchScreen.storyboard */; };
		D4AD19922744BE13001F689C /* LoginViewController.swift in Sources */ = {isa = PBXBuildFile; fileRef = D4AD19912744BE13001F689C /* LoginViewController.swift */; };
		D4AD19942744BE8E001F689C /* SignupViewController.swift in Sources */ = {isa = PBXBuildFile; fileRef = D4AD19932744BE8E001F689C /* SignupViewController.swift */; };
		D4AD19962744C123001F689C /* ConfirmationViewController.swift in Sources */ = {isa = PBXBuildFile; fileRef = D4AD19952744C123001F689C /* ConfirmationViewController.swift */; };
		D4AD19982744D1D9001F689C /* ProfileSetupViewController.swift in Sources */ = {isa = PBXBuildFile; fileRef = D4AD19972744D1D9001F689C /* ProfileSetupViewController.swift */; };
/* End PBXBuildFile section */

/* Begin PBXFileReference section */
		D4AD197A2744AB20001F689C /* Lodestar.app */ = {isa = PBXFileReference; explicitFileType = wrapper.application; includeInIndex = 0; path = Lodestar.app; sourceTree = BUILT_PRODUCTS_DIR; };
		D4AD197D2744AB20001F689C /* AppDelegate.swift */ = {isa = PBXFileReference; lastKnownFileType = sourcecode.swift; path = AppDelegate.swift; sourceTree = "<group>"; };
		D4AD197F2744AB20001F689C /* SceneDelegate.swift */ = {isa = PBXFileReference; lastKnownFileType = sourcecode.swift; path = SceneDelegate.swift; sourceTree = "<group>"; };
		D4AD19812744AB20001F689C /* ViewController.swift */ = {isa = PBXFileReference; lastKnownFileType = sourcecode.swift; path = ViewController.swift; sourceTree = "<group>"; };
		D4AD19842744AB20001F689C /* Base */ = {isa = PBXFileReference; lastKnownFileType = file.storyboard; name = Base; path = Base.lproj/Main.storyboard; sourceTree = "<group>"; };
		D4AD19862744AB23001F689C /* Assets.xcassets */ = {isa = PBXFileReference; lastKnownFileType = folder.assetcatalog; path = Assets.xcassets; sourceTree = "<group>"; };
		D4AD19892744AB23001F689C /* Base */ = {isa = PBXFileReference; lastKnownFileType = file.storyboard; name = Base; path = Base.lproj/LaunchScreen.storyboard; sourceTree = "<group>"; };
		D4AD198B2744AB23001F689C /* Info.plist */ = {isa = PBXFileReference; lastKnownFileType = text.plist.xml; path = Info.plist; sourceTree = "<group>"; };
		D4AD19912744BE13001F689C /* LoginViewController.swift */ = {isa = PBXFileReference; lastKnownFileType = sourcecode.swift; path = LoginViewController.swift; sourceTree = "<group>"; };
		D4AD19932744BE8E001F689C /* SignupViewController.swift */ = {isa = PBXFileReference; lastKnownFileType = sourcecode.swift; path = SignupViewController.swift; sourceTree = "<group>"; };
		D4AD19952744C123001F689C /* ConfirmationViewController.swift */ = {isa = PBXFileReference; lastKnownFileType = sourcecode.swift; path = ConfirmationViewController.swift; sourceTree = "<group>"; };
		D4AD19972744D1D9001F689C /* ProfileSetupViewController.swift */ = {isa = PBXFileReference; lastKnownFileType = sourcecode.swift; path = ProfileSetupViewController.swift; sourceTree = "<group>"; };
/* End PBXFileReference section */

/* Begin PBXFrameworksBuildPhase section */
		D4AD19772744AB20001F689C /* Frameworks */ = {
			isa = PBXFrameworksBuildPhase;
			buildActionMask = 2147483647;
			files = (
			);
			runOnlyForDeploymentPostprocessing = 0;
		};
/* End PBXFrameworksBuildPhase section */

/* Begin PBXGroup section */
		D4AD19712744AB20001F689C = {
			isa = PBXGroup;
			children = (
				D4AD197C2744AB20001F689C /* Lodestar */,
				D4AD197B2744AB20001F689C /* Products */,
			);
			sourceTree = "<group>";
		};
		D4AD197B2744AB20001F689C /* Products */ = {
			isa = PBXGroup;
			children = (
				D4AD197A2744AB20001F689C /* Lodestar.app */,
			);
			name = Products;
			sourceTree = "<group>";
		};
		D4AD197C2744AB20001F689C /* Lodestar */ = {
			isa = PBXGroup;
			children = (
				D4AD197D2744AB20001F689C /* AppDelegate.swift */,
				D4AD197F2744AB20001F689C /* SceneDelegate.swift */,
				D4AD19812744AB20001F689C /* ViewController.swift */,
				D4AD19832744AB20001F689C /* Main.storyboard */,
				D4AD19972744D1D9001F689C /* ProfileSetupViewController.swift */,
				D4AD19952744C123001F689C /* ConfirmationViewController.swift */,
				D4AD19932744BE8E001F689C /* SignupViewController.swift */,
				D4AD19912744BE13001F689C /* LoginViewController.swift */,
				D4AD19862744AB23001F689C /* Assets.xcassets */,
				D4AD19882744AB23001F689C /* LaunchScreen.storyboard */,
				D4AD198B2744AB23001F689C /* Info.plist */,
			);
			path = Lodestar;
			sourceTree = "<group>";
		};
/* End PBXGroup section */

/* Begin PBXNativeTarget section */
		D4AD19792744AB20001F689C /* Lodestar */ = {
			isa = PBXNativeTarget;
			buildConfigurationList = D4AD198E2744AB23001F689C /* Build configuration list for PBXNativeTarget "Lodestar" */;
			buildPhases = (
				D4AD19762744AB20001F689C /* Sources */,
				D4AD19772744AB20001F689C /* Frameworks */,
				D4AD19782744AB20001F689C /* Resources */,
			);
			buildRules = (
			);
			dependencies = (
			);
			name = Lodestar;
			productName = Lodestar;
			productReference = D4AD197A2744AB20001F689C /* Lodestar.app */;
			productType = "com.apple.product-type.application";
		};
/* End PBXNativeTarget section */

/* Begin PBXProject section */
		D4AD19722744AB20001F689C /* Project object */ = {
			isa = PBXProject;
			attributes = {
				BuildIndependentTargetsInParallel = 1;
				LastSwiftUpdateCheck = 1310;
				LastUpgradeCheck = 1310;
				TargetAttributes = {
					D4AD19792744AB20001F689C = {
						CreatedOnToolsVersion = 13.1;
					};
				};
			};
			buildConfigurationList = D4AD19752744AB20001F689C /* Build configuration list for PBXProject "Lodestar" */;
			compatibilityVersion = "Xcode 13.0";
			developmentRegion = en;
			hasScannedForEncodings = 0;
			knownRegions = (
				en,
				Base,
			);
			mainGroup = D4AD19712744AB20001F689C;
			productRefGroup = D4AD197B2744AB20001F689C /* Products */;
			projectDirPath = "";
			projectRoot = "";
			targets = (
				D4AD19792744AB20001F689C /* Lodestar */,
			);
		};
/* End PBXProject section */

/* Begin PBXResourcesBuildPhase section */
		D4AD19782744AB20001F689C /* Resources */ = {
			isa = PBXResourcesBuildPhase;
			buildActionMask = 2147483647;
			files = (
				D4AD198A2744AB23001F689C /* LaunchScreen.storyboard in Resources */,
				D4AD19872744AB23001F689C /* Assets.xcassets in Resources */,
				D4AD19852744AB20001F689C /* Main.storyboard in Resources */,
			);
			runOnlyForDeploymentPostprocessing = 0;
		};
/* End PBXResourcesBuildPhase section */

/* Begin PBXSourcesBuildPhase section */
		D4AD19762744AB20001F689C /* Sources */ = {
			isa = PBXSourcesBuildPhase;
			buildActionMask = 2147483647;
			files = (
				D4AD19962744C123001F689C /* ConfirmationViewController.swift in Sources */,
				D4AD19922744BE13001F689C /* LoginViewController.swift in Sources */,
				D4AD19822744AB20001F689C /* ViewController.swift in Sources */,
				D4AD19942744BE8E001F689C /* SignupViewController.swift in Sources */,
				D4AD197E2744AB20001F689C /* AppDelegate.swift in Sources */,
				D4AD19982744D1D9001F689C /* ProfileSetupViewController.swift in Sources */,
				D4AD19802744AB20001F689C /* SceneDelegate.swift in Sources */,
			);
			runOnlyForDeploymentPostprocessing = 0;
		};
/* End PBXSourcesBuildPhase section */

/* Begin PBXVariantGroup section */
		D4AD19832744AB20001F689C /* Main.storyboard */ = {
			isa = PBXVariantGroup;
			children = (
				D4AD19842744AB20001F689C /* Base */,
			);
			name = Main.storyboard;
			sourceTree = "<group>";
		};
		D4AD19882744AB23001F689C /* LaunchScreen.storyboard */ = {
			isa = PBXVariantGroup;
			children = (
				D4AD19892744AB23001F689C /* Base */,
			);
			name = LaunchScreen.storyboard;
			sourceTree = "<group>";
		};
/* End PBXVariantGroup section */

/* Begin XCBuildConfiguration section */
		D4AD198C2744AB23001F689C /* Debug */ = {
			isa = XCBuildConfiguration;
			buildSettings = {
				ALWAYS_SEARCH_USER_PATHS = NO;
				CLANG_ANALYZER_NONNULL = YES;
				CLANG_ANALYZER_NUMBER_OBJECT_CONVERSION = YES_AGGRESSIVE;
				CLANG_CXX_LANGUAGE_STANDARD = "gnu++17";
				CLANG_CXX_LIBRARY = "libc++";
				CLANG_ENABLE_MODULES = YES;
				CLANG_ENABLE_OBJC_ARC = YES;
				CLANG_ENABLE_OBJC_WEAK = YES;
				CLANG_WARN_BLOCK_CAPTURE_AUTORELEASING = YES;
				CLANG_WARN_BOOL_CONVERSION = YES;
				CLANG_WARN_COMMA = YES;
				CLANG_WARN_CONSTANT_CONVERSION = YES;
				CLANG_WARN_DEPRECATED_OBJC_IMPLEMENTATIONS = YES;
				CLANG_WARN_DIRECT_OBJC_ISA_USAGE = YES_ERROR;
				CLANG_WARN_DOCUMENTATION_COMMENTS = YES;
				CLANG_WARN_EMPTY_BODY = YES;
				CLANG_WARN_ENUM_CONVERSION = YES;
				CLANG_WARN_INFINITE_RECURSION = YES;
				CLANG_WARN_INT_CONVERSION = YES;
				CLANG_WARN_NON_LITERAL_NULL_CONVERSION = YES;
				CLANG_WARN_OBJC_IMPLICIT_RETAIN_SELF = YES;
				CLANG_WARN_OBJC_LITERAL_CONVERSION = YES;
				CLANG_WARN_OBJC_ROOT_CLASS = YES_ERROR;
				CLANG_WARN_QUOTED_INCLUDE_IN_FRAMEWORK_HEADER = YES;
				CLANG_WARN_RANGE_LOOP_ANALYSIS = YES;
				CLANG_WARN_STRICT_PROTOTYPES = YES;
				CLANG_WARN_SUSPICIOUS_MOVE = YES;
				CLANG_WARN_UNGUARDED_AVAILABILITY = YES_AGGRESSIVE;
				CLANG_WARN_UNREACHABLE_CODE = YES;
				CLANG_WARN__DUPLICATE_METHOD_MATCH = YES;
				COPY_PHASE_STRIP = NO;
				DEBUG_INFORMATION_FORMAT = dwarf;
				ENABLE_STRICT_OBJC_MSGSEND = YES;
				ENABLE_TESTABILITY = YES;
				GCC_C_LANGUAGE_STANDARD = gnu11;
				GCC_DYNAMIC_NO_PIC = NO;
				GCC_NO_COMMON_BLOCKS = YES;
				GCC_OPTIMIZATION_LEVEL = 0;
				GCC_PREPROCESSOR_DEFINITIONS = (
					"DEBUG=1",
					"$(inherited)",
				);
				GCC_WARN_64_TO_32_BIT_CONVERSION = YES;
				GCC_WARN_ABOUT_RETURN_TYPE = YES_ERROR;
				GCC_WARN_UNDECLARED_SELECTOR = YES;
				GCC_WARN_UNINITIALIZED_AUTOS = YES_AGGRESSIVE;
				GCC_WARN_UNUSED_FUNCTION = YES;
				GCC_WARN_UNUSED_VARIABLE = YES;
				IPHONEOS_DEPLOYMENT_TARGET = 15.0;
				MTL_ENABLE_DEBUG_INFO = INCLUDE_SOURCE;
				MTL_FAST_MATH = YES;
				ONLY_ACTIVE_ARCH = YES;
				SDKROOT = iphoneos;
				SWIFT_ACTIVE_COMPILATION_CONDITIONS = DEBUG;
				SWIFT_OPTIMIZATION_LEVEL = "-Onone";
			};
			name = Debug;
		};
		D4AD198D2744AB23001F689C /* Release */ = {
			isa = XCBuildConfiguration;
			buildSettings = {
				ALWAYS_SEARCH_USER_PATHS = NO;
				CLANG_ANALYZER_NONNULL = YES;
				CLANG_ANALYZER_NUMBER_OBJECT_CONVERSION = YES_AGGRESSIVE;
				CLANG_CXX_LANGUAGE_STANDARD = "gnu++17";
				CLANG_CXX_LIBRARY = "libc++";
				CLANG_ENABLE_MODULES = YES;
				CLANG_ENABLE_OBJC_ARC = YES;
				CLANG_ENABLE_OBJC_WEAK = YES;
				CLANG_WARN_BLOCK_CAPTURE_AUTORELEASING = YES;
				CLANG_WARN_BOOL_CONVERSION = YES;
				CLANG_WARN_COMMA = YES;
				CLANG_WARN_CONSTANT_CONVERSION = YES;
				CLANG_WARN_DEPRECATED_OBJC_IMPLEMENTATIONS = YES;
				CLANG_WARN_DIRECT_OBJC_ISA_USAGE = YES_ERROR;
				CLANG_WARN_DOCUMENTATION_COMMENTS = YES;
				CLANG_WARN_EMPTY_BODY = YES;
				CLANG_WARN_ENUM_CONVERSION = YES;
				CLANG_WARN_INFINITE_RECURSION = YES;
				CLANG_WARN_INT_CONVERSION = YES;
				CLANG_WARN_NON_LITERAL_NULL_CONVERSION = YES;
				CLANG_WARN_OBJC_IMPLICIT_RETAIN_SELF = YES;
				CLANG_WARN_OBJC_LITERAL_CONVERSION = YES;
				CLANG_WARN_OBJC_ROOT_CLASS = YES_ERROR;
				CLANG_WARN_QUOTED_INCLUDE_IN_FRAMEWORK_HEADER = YES;
				CLANG_WARN_RANGE_LOOP_ANALYSIS = YES;
				CLANG_WARN_STRICT_PROTOTYPES = YES;
				CLANG_WARN_SUSPICIOUS_MOVE = YES;
				CLANG_WARN_UNGUARDED_AVAILABILITY = YES_AGGRESSIVE;
				CLANG_WARN_UNREACHABLE_CODE = YES;
				CLANG_WARN__DUPLICATE_METHOD_MATCH = YES;
				COPY_PHASE_STRIP = NO;
				DEBUG_INFORMATION_FORMAT = "dwarf-with-dsym";
				ENABLE_NS_ASSERTIONS = NO;
				ENABLE_STRICT_OBJC_MSGSEND = YES;
				GCC_C_LANGUAGE_STANDARD = gnu11;
				GCC_NO_COMMON_BLOCKS = YES;
				GCC_WARN_64_TO_32_BIT_CONVERSION = YES;
				GCC_WARN_ABOUT_RETURN_TYPE = YES_ERROR;
				GCC_WARN_UNDECLARED_SELECTOR = YES;
				GCC_WARN_UNINITIALIZED_AUTOS = YES_AGGRESSIVE;
				GCC_WARN_UNUSED_FUNCTION = YES;
				GCC_WARN_UNUSED_VARIABLE = YES;
				IPHONEOS_DEPLOYMENT_TARGET = 15.0;
				MTL_ENABLE_DEBUG_INFO = NO;
				MTL_FAST_MATH = YES;
				SDKROOT = iphoneos;
				SWIFT_COMPILATION_MODE = wholemodule;
				SWIFT_OPTIMIZATION_LEVEL = "-O";
				VALIDATE_PRODUCT = YES;
			};
			name = Release;
		};
		D4AD198F2744AB23001F689C /* Debug */ = {
			isa = XCBuildConfiguration;
			buildSettings = {
				ASSETCATALOG_COMPILER_APPICON_NAME = AppIcon;
				ASSETCATALOG_COMPILER_GLOBAL_ACCENT_COLOR_NAME = AccentColor;
				CODE_SIGN_STYLE = Automatic;
				CURRENT_PROJECT_VERSION = 1;
				GENERATE_INFOPLIST_FILE = YES;
				INFOPLIST_FILE = Lodestar/Info.plist;
				INFOPLIST_KEY_UIApplicationSupportsIndirectInputEvents = YES;
				INFOPLIST_KEY_UILaunchStoryboardName = LaunchScreen;
				INFOPLIST_KEY_UIMainStoryboardFile = Main;
				INFOPLIST_KEY_UISupportedInterfaceOrientations_iPad = "UIInterfaceOrientationPortrait UIInterfaceOrientationPortraitUpsideDown UIInterfaceOrientationLandscapeLeft UIInterfaceOrientationLandscapeRight";
				INFOPLIST_KEY_UISupportedInterfaceOrientations_iPhone = "UIInterfaceOrientationPortrait UIInterfaceOrientationLandscapeLeft UIInterfaceOrientationLandscapeRight";
				LD_RUNPATH_SEARCH_PATHS = (
					"$(inherited)",
					"@executable_path/Frameworks",
				);
				MARKETING_VERSION = 1.0;
				PRODUCT_BUNDLE_IDENTIFIER = com.sh3r4rd.Lodestar;
				PRODUCT_NAME = "$(TARGET_NAME)";
				SWIFT_EMIT_LOC_STRINGS = YES;
				SWIFT_VERSION = 5.0;
				TARGETED_DEVICE_FAMILY = "1,2";
			};
			name = Debug;
		};
		D4AD19902744AB23001F689C /* Release */ = {
			isa = XCBuildConfiguration;
			buildSettings = {
				ASSETCATALOG_COMPILER_APPICON_NAME = AppIcon;
				ASSETCATALOG_COMPILER_GLOBAL_ACCENT_COLOR_NAME = AccentColor;
				CODE_SIGN_STYLE = Automatic;
				CURRENT_PROJECT_VERSION = 1;
				GENERATE_INFOPLIST_FILE = YES;
				INFOPLIST_FILE = Lodestar/Info.plist;
				INFOPLIST_KEY_UIApplicationSupportsIndirectInputEvents = YES;
				INFOPLIST_KEY_UILaunchStoryboardName = LaunchScreen;
				INFOPLIST_KEY_UIMainStoryboardFile = Main;
				INFOPLIST_KEY_UISupportedInterfaceOrientations_iPad = "UIInterfaceOrientationPortrait UIInterfaceOrientationPortraitUpsideDown UIInterfaceOrientationLandscapeLeft UIInterfaceOrientationLandscapeRight";
				INFOPLIST_KEY_UISupportedInterfaceOrientations_iPhone = "UIInterfaceOrientationPortrait UIInterfaceOrientationLandscapeLeft UIInterfaceOrientationLandscapeRight";
				LD_RUNPATH_SEARCH_PATHS = (
					"$(inherited)",
					"@executable_path/Frameworks",
				);
				MARKETING_VERSION = 1.0;
				PRODUCT_BUNDLE_IDENTIFIER = com.sh3r4rd.Lodestar;
				PRODUCT_NAME = "$(TARGET_NAME)";
				SWIFT_EMIT_LOC_STRINGS = YES;
				SWIFT_VERSION = 5.0;
				TARGETED_DEVICE_FAMILY = "1,2";
			};
			name = Release;
		};
/* End XCBuildConfiguration section */

/* Begin XCConfigurationList section */
		D4AD19752744AB20001F689C /* Build configuration list for PBXProject "Lodestar" */ = {
			isa = XCConfigurationList;
			buildConfigurations = (
				D4AD198C2744AB23001F689C /* Debug */,
				D4AD198D2744AB23001F689C /* Release */,
			);
			defaultConfigurationIsVisible = 0;
			defaultConfigurationName = Release;
		};
		D4AD198E2744AB23001F689C /* Build configuration list for PBXNativeTarget "Lodestar" */ = {
			isa = XCConfigurationList;
			buildConfigurations = (
				D4AD198F2744AB23001F689C /* Debug */,
				D4AD19902744AB23001F689C /* Release */,
			);
			defaultConfigurationIsVisible = 0;
			defaultConfigurationName = Release;
		};
/* End XCConfigurationList section */
	};
	rootObject = D4AD19722744AB20001F689C /* Project object */;
}
